
Microsoft Visual Studio Solution File, Format Version 12.00
# Visual Studio Version 16
VisualStudioVersion = 16.0.29509.3
MinimumVisualStudioVersion = 10.0.40219.1
Project("{FAE04EC0-301F-11D3-BF4B-00C04F79EFBC}") = "Evaluation_I", "EvaluationI\Evaluation_I.csproj", "{A7DC28EA-28A0-46CD-8FC9-DA8AFBB026C5}"
EndProject
Project("{FAE04EC0-301F-11D3-BF4B-00C04F79EFBC}") = "EvaluateLib", "EvaluateLib\EvaluateLib.csproj", "{DC6F468E-7629-422D-A6E0-9FE5E6D029CD}"
EndProject
Project("{FAE04EC0-301F-11D3-BF4B-00C04F79EFBC}") = "EvaluateLib.Tests", "EvaluateLib.Tests\EvaluateLib.Tests.csproj", "{ACBEBE54-7AE3-4012-A0C8-CDD99ABCB880}"
EndProject
Global
	GlobalSection(SolutionConfigurationPlatforms) = preSolution
		Debug|Any CPU = Debug|Any CPU
		Release|Any CPU = Release|Any CPU
	EndGlobalSection
	GlobalSection(ProjectConfigurationPlatforms) = postSolution
		{A7DC28EA-28A0-46CD-8FC9-DA8AFBB026C5}.Debug|Any CPU.ActiveCfg = Debug|Any CPU
		{A7DC28EA-28A0-46CD-8FC9-DA8AFBB026C5}.Debug|Any CPU.Build.0 = Debug|Any CPU
		{A7DC28EA-28A0-46CD-8FC9-DA8AFBB026C5}.Release|Any CPU.ActiveCfg = Release|Any CPU
		{A7DC28EA-28A0-46CD-8FC9-DA8AFBB026C5}.Release|Any CPU.Build.0 = Release|Any CPU
		{DC6F468E-7629-422D-A6E0-9FE5E6D029CD}.Debug|Any CPU.ActiveCfg = Debug|Any CPU
		{DC6F468E-7629-422D-A6E0-9FE5E6D029CD}.Debug|Any CPU.Build.0 = Debug|Any CPU
		{DC6F468E-7629-422D-A6E0-9FE5E6D029CD}.Release|Any CPU.ActiveCfg = Release|Any CPU
		{DC6F468E-7629-422D-A6E0-9FE5E6D029CD}.Release|Any CPU.Build.0 = Release|Any CPU
		{ACBEBE54-7AE3-4012-A0C8-CDD99ABCB880}.Debug|Any CPU.ActiveCfg = Debug|Any CPU
		{ACBEBE54-7AE3-4012-A0C8-CDD99ABCB880}.Debug|Any CPU.Build.0 = Debug|Any CPU
		{ACBEBE54-7AE3-4012-A0C8-CDD99ABCB880}.Release|Any CPU.ActiveCfg = Release|Any CPU
		{ACBEBE54-7AE3-4012-A0C8-CDD99ABCB880}.Release|Any CPU.Build.0 = Release|Any CPU
	EndGlobalSection
	GlobalSection(SolutionProperties) = preSolution
		HideSolutionNode = FALSE
	EndGlobalSection
	GlobalSection(ExtensibilityGlobals) = postSolution
		SolutionGuid = {E9F2DF46-5783-4CB1-ACA2-6C5C317F1F2E}
	EndGlobalSection
EndGlobal
