
Microsoft Visual Studio Solution File, Format Version 12.00
# Visual Studio Version 16
VisualStudioVersion = 16.0.29411.108
MinimumVisualStudioVersion = 10.0.40219.1
Project("{FAE04EC0-301F-11D3-BF4B-00C04F79EFBC}") = "nezarka_store", "nezarka_store\nezarka_store.csproj", "{E6C6825B-281E-4004-9608-5444D4CD1C25}"
EndProject
Global
	GlobalSection(SolutionConfigurationPlatforms) = preSolution
		Debug|Any CPU = Debug|Any CPU
		Release|Any CPU = Release|Any CPU
	EndGlobalSection
	GlobalSection(ProjectConfigurationPlatforms) = postSolution
		{E6C6825B-281E-4004-9608-5444D4CD1C25}.Debug|Any CPU.ActiveCfg = Debug|Any CPU
		{E6C6825B-281E-4004-9608-5444D4CD1C25}.Debug|Any CPU.Build.0 = Debug|Any CPU
		{E6C6825B-281E-4004-9608-5444D4CD1C25}.Release|Any CPU.ActiveCfg = Release|Any CPU
		{E6C6825B-281E-4004-9608-5444D4CD1C25}.Release|Any CPU.Build.0 = Release|Any CPU
	EndGlobalSection
	GlobalSection(SolutionProperties) = preSolution
		HideSolutionNode = FALSE
	EndGlobalSection
	GlobalSection(ExtensibilityGlobals) = postSolution
		SolutionGuid = {2C4863CA-63FD-457A-9439-CEFCD14087BE}
	EndGlobalSection
EndGlobal
